// !$*UTF8*$!
{
	archiveVersion = 1;
	classes = {
	};
	objectVersion = 77;
	objects = {

/* Begin PBXContainerItemProxy section */
		55EA093F2E30FA11002D1ED8 /* PBXContainerItemProxy */ = {
			isa = PBXContainerItemProxy;
			containerPortal = 55EA09292E30FA10002D1ED8 /* Project object */;
			proxyType = 1;
			remoteGlobalIDString = 55EA09302E30FA10002D1ED8;
			remoteInfo = GitSearch;
		};
		55EA09492E30FA11002D1ED8 /* PBXContainerItemProxy */ = {
			isa = PBXContainerItemProxy;
			containerPortal = 55EA09292E30FA10002D1ED8 /* Project object */;
			proxyType = 1;
			remoteGlobalIDString = 55EA09302E30FA10002D1ED8;
			remoteInfo = GitSearch;
		};
/* End PBXContainerItemProxy section */

/* Begin PBXFileReference section */
		55EA09312E30FA10002D1ED8 /* GitSearch.app */ = {isa = PBXFileReference; explicitFileType = wrapper.application; includeInIndex = 0; path = GitSearch.app; sourceTree = BUILT_PRODUCTS_DIR; };
		55EA093E2E30FA11002D1ED8 /* GitSearchTests.xctest */ = {isa = PBXFileReference; explicitFileType = wrapper.cfbundle; includeInIndex = 0; path = GitSearchTests.xctest; sourceTree = BUILT_PRODUCTS_DIR; };
		55EA09482E30FA11002D1ED8 /* GitSearchUITests.xctest */ = {isa = PBXFileReference; explicitFileType = wrapper.cfbundle; includeInIndex = 0; path = GitSearchUITests.xctest; sourceTree = BUILT_PRODUCTS_DIR; };
/* End PBXFileReference section */

/* Begin PBXFileSystemSynchronizedRootGroup section */
		55EA09332E30FA10002D1ED8 /* GitSearch */ = {
			isa = PBXFileSystemSynchronizedRootGroup;
			path = GitSearch;
			sourceTree = "<group>";
		};
		55EA09412E30FA11002D1ED8 /* GitSearchTests */ = {
			isa = PBXFileSystemSynchronizedRootGroup;
			path = GitSearchTests;
			sourceTree = "<group>";
		};
/* End PBXFileSystemSynchronizedRootGroup section */

/* Begin PBXFrameworksBuildPhase section */
		55EA092E2E30FA10002D1ED8 /* Frameworks */ = {
			isa = PBXFrameworksBuildPhase;
			buildActionMask = 2147483647;
			files = (
			);
			runOnlyForDeploymentPostprocessing = 0;
		};
		55EA093B2E30FA11002D1ED8 /* Frameworks */ = {
			isa = PBXFrameworksBuildPhase;
			buildActionMask = 2147483647;
			files = (
			);
			runOnlyForDeploymentPostprocessing = 0;
		};
		55EA09452E30FA11002D1ED8 /* Frameworks */ = {
			isa = PBXFrameworksBuildPhase;
			buildActionMask = 2147483647;
			files = (
			);
			runOnlyForDeploymentPostprocessing = 0;
		};
/* End PBXFrameworksBuildPhase section */

/* Begin PBXGroup section */
		55EA09282E30FA10002D1ED8 = {
			isa = PBXGroup;
			children = (
				55EA09332E30FA10002D1ED8 /* GitSearch */,
				55EA09412E30FA11002D1ED8 /* GitSearchTests */,
				55EA09322E30FA10002D1ED8 /* Products */,
			);
			sourceTree = "<group>";
		};
		55EA09322E30FA10002D1ED8 /* Products */ = {
			isa = PBXGroup;
			children = (
				55EA09312E30FA10002D1ED8 /* GitSearch.app */,
				55EA093E2E30FA11002D1ED8 /* GitSearchTests.xctest */,
				55EA09482E30FA11002D1ED8 /* GitSearchUITests.xctest */,
			);
			name = Products;
			sourceTree = "<group>";
		};
/* End PBXGroup section */

/* Begin PBXNativeTarget section */
		55EA09302E30FA10002D1ED8 /* GitSearch */ = {
			isa = PBXNativeTarget;
			buildConfigurationList = 55EA09522E30FA11002D1ED8 /* Build configuration list for PBXNativeTarget "GitSearch" */;
			buildPhases = (
				55EA092D2E30FA10002D1ED8 /* Sources */,
				55EA092E2E30FA10002D1ED8 /* Frameworks */,
				55EA092F2E30FA10002D1ED8 /* Resources */,
			);
			buildRules = (
			);
			dependencies = (
			);
			fileSystemSynchronizedGroups = (
				55EA09332E30FA10002D1ED8 /* GitSearch */,
			);
			name = GitSearch;
			packageProductDependencies = (
			);
			productName = GitSearch;
			productReference = 55EA09312E30FA10002D1ED8 /* GitSearch.app */;
			productType = "com.apple.product-type.application";
		};
		55EA093D2E30FA11002D1ED8 /* GitSearchTests */ = {
			isa = PBXNativeTarget;
			buildConfigurationList = 55EA09552E30FA11002D1ED8 /* Build configuration list for PBXNativeTarget "GitSearchTests" */;
			buildPhases = (
				55EA093A2E30FA11002D1ED8 /* Sources */,
				55EA093B2E30FA11002D1ED8 /* Frameworks */,
				55EA093C2E30FA11002D1ED8 /* Resources */,
			);
			buildRules = (
			);
			dependencies = (
				55EA09402E30FA11002D1ED8 /* PBXTargetDependency */,
			);
			fileSystemSynchronizedGroups = (
				55EA09412E30FA11002D1ED8 /* GitSearchTests */,
			);
			name = GitSearchTests;
			packageProductDependencies = (
			);
			productName = GitSearchTests;
			productReference = 55EA093E2E30FA11002D1ED8 /* GitSearchTests.xctest */;
			productType = "com.apple.product-type.bundle.unit-test";
		};
		55EA09472E30FA11002D1ED8 /* GitSearchUITests */ = {
			isa = PBXNativeTarget;
			buildConfigurationList = 55EA09582E30FA11002D1ED8 /* Build configuration list for PBXNativeTarget "GitSearchUITests" */;
			buildPhases = (
				55EA09442E30FA11002D1ED8 /* Sources */,
				55EA09452E30FA11002D1ED8 /* Frameworks */,
				55EA09462E30FA11002D1ED8 /* Resources */,
			);
			buildRules = (
			);
			dependencies = (
				55EA094A2E30FA11002D1ED8 /* PBXTargetDependency */,
			);
			name = GitSearchUITests;
			packageProductDependencies = (
			);
			productName = GitSearchUITests;
			productReference = 55EA09482E30FA11002D1ED8 /* GitSearchUITests.xctest */;
			productType = "com.apple.product-type.bundle.ui-testing";
		};
/* End PBXNativeTarget section */

/* Begin PBXProject section */
		55EA09292E30FA10002D1ED8 /* Project object */ = {
			isa = PBXProject;
			attributes = {
				BuildIndependentTargetsInParallel = 1;
				LastSwiftUpdateCheck = 1640;
				LastUpgradeCheck = 1640;
				TargetAttributes = {
					55EA09302E30FA10002D1ED8 = {
						CreatedOnToolsVersion = 16.4;
					};
					55EA093D2E30FA11002D1ED8 = {
						CreatedOnToolsVersion = 16.4;
						TestTargetID = 55EA09302E30FA10002D1ED8;
					};
					55EA09472E30FA11002D1ED8 = {
						CreatedOnToolsVersion = 16.4;
						TestTargetID = 55EA09302E30FA10002D1ED8;
					};
				};
			};
			buildConfigurationList = 55EA092C2E30FA10002D1ED8 /* Build configuration list for PBXProject "GitSearch" */;
			developmentRegion = en;
			hasScannedForEncodings = 0;
			knownRegions = (
				en,
				Base,
			);
			mainGroup = 55EA09282E30FA10002D1ED8;
			minimizedProjectReferenceProxies = 1;
			preferredProjectObjectVersion = 77;
			productRefGroup = 55EA09322E30FA10002D1ED8 /* Products */;
			projectDirPath = "";
			projectRoot = "";
			targets = (
				55EA09302E30FA10002D1ED8 /* GitSearch */,
				55EA093D2E30FA11002D1ED8 /* GitSearchTests */,
				55EA09472E30FA11002D1ED8 /* GitSearchUITests */,
			);
		};
/* End PBXProject section */

/* Begin PBXResourcesBuildPhase section */
		55EA092F2E30FA10002D1ED8 /* Resources */ = {
			isa = PBXResourcesBuildPhase;
			buildActionMask = 2147483647;
			files = (
			);
			runOnlyForDeploymentPostprocessing = 0;
		};
		55EA093C2E30FA11002D1ED8 /* Resources */ = {
			isa = PBXResourcesBuildPhase;
			buildActionMask = 2147483647;
			files = (
			);
			runOnlyForDeploymentPostprocessing = 0;
		};
		55EA09462E30FA11002D1ED8 /* Resources */ = {
			isa = PBXResourcesBuildPhase;
			buildActionMask = 2147483647;
			files = (
			);
			runOnlyForDeploymentPostprocessing = 0;
		};
/* End PBXResourcesBuildPhase section */

/* Begin PBXSourcesBuildPhase section */
		55EA092D2E30FA10002D1ED8 /* Sources */ = {
			isa = PBXSourcesBuildPhase;
			buildActionMask = 2147483647;
			files = (
			);
			runOnlyForDeploymentPostprocessing = 0;
		};
		55EA093A2E30FA11002D1ED8 /* Sources */ = {
			isa = PBXSourcesBuildPhase;
			buildActionMask = 2147483647;
			files = (
			);
			runOnlyForDeploymentPostprocessing = 0;
		};
		55EA09442E30FA11002D1ED8 /* Sources */ = {
			isa = PBXSourcesBuildPhase;
			buildActionMask = 2147483647;
			files = (
			);
			runOnlyForDeploymentPostprocessing = 0;
		};
/* End PBXSourcesBuildPhase section */

/* Begin PBXTargetDependency section */
		55EA09402E30FA11002D1ED8 /* PBXTargetDependency */ = {
			isa = PBXTargetDependency;
			target = 55EA09302E30FA10002D1ED8 /* GitSearch */;
			targetProxy = 55EA093F2E30FA11002D1ED8 /* PBXContainerItemProxy */;
		};
		55EA094A2E30FA11002D1ED8 /* PBXTargetDependency */ = {
			isa = PBXTargetDependency;
			target = 55EA09302E30FA10002D1ED8 /* GitSearch */;
			targetProxy = 55EA09492E30FA11002D1ED8 /* PBXContainerItemProxy */;
		};
/* End PBXTargetDependency section */

/* Begin XCBuildConfiguration section */
		55EA09502E30FA11002D1ED8 /* Debug */ = {
			isa = XCBuildConfiguration;
			buildSettings = {
				ALWAYS_SEARCH_USER_PATHS = NO;
				ASSETCATALOG_COMPILER_GENERATE_SWIFT_ASSET_SYMBOL_EXTENSIONS = YES;
				CLANG_ANALYZER_NONNULL = YES;
				CLANG_ANALYZER_NUMBER_OBJECT_CONVERSION = YES_AGGRESSIVE;
				CLANG_CXX_LANGUAGE_STANDARD = "gnu++20";
				CLANG_ENABLE_MODULES = YES;
				CLANG_ENABLE_OBJC_ARC = YES;
				CLANG_ENABLE_OBJC_WEAK = YES;
				CLANG_WARN_BLOCK_CAPTURE_AUTORELEASING = YES;
				CLANG_WARN_BOOL_CONVERSION = YES;
				CLANG_WARN_COMMA = YES;
				CLANG_WARN_CONSTANT_CONVERSION = YES;
				CLANG_WARN_DEPRECATED_OBJC_IMPLEMENTATIONS = YES;
				CLANG_WARN_DIRECT_OBJC_ISA_USAGE = YES_ERROR;
				CLANG_WARN_DOCUMENTATION_COMMENTS = YES;
				CLANG_WARN_EMPTY_BODY = YES;
				CLANG_WARN_ENUM_CONVERSION = YES;
				CLANG_WARN_INFINITE_RECURSION = YES;
				CLANG_WARN_INT_CONVERSION = YES;
				CLANG_WARN_NON_LITERAL_NULL_CONVERSION = YES;
				CLANG_WARN_OBJC_IMPLICIT_RETAIN_SELF = YES;
				CLANG_WARN_OBJC_LITERAL_CONVERSION = YES;
				CLANG_WARN_OBJC_ROOT_CLASS = YES_ERROR;
				CLANG_WARN_QUOTED_INCLUDE_IN_FRAMEWORK_HEADER = YES;
				CLANG_WARN_RANGE_LOOP_ANALYSIS = YES;
				CLANG_WARN_STRICT_PROTOTYPES = YES;
				CLANG_WARN_SUSPICIOUS_MOVE = YES;
				CLANG_WARN_UNGUARDED_AVAILABILITY = YES_AGGRESSIVE;
				CLANG_WARN_UNREACHABLE_CODE = YES;
				CLANG_WARN__DUPLICATE_METHOD_MATCH = YES;
				COPY_PHASE_STRIP = NO;
				DEBUG_INFORMATION_FORMAT = dwarf;
				DEVELOPMENT_TEAM = 4TP2UP2K7D;
				ENABLE_STRICT_OBJC_MSGSEND = YES;
				ENABLE_TESTABILITY = YES;
				ENABLE_USER_SCRIPT_SANDBOXING = YES;
				GCC_C_LANGUAGE_STANDARD = gnu17;
				GCC_DYNAMIC_NO_PIC = NO;
				GCC_NO_COMMON_BLOCKS = YES;
				GCC_OPTIMIZATION_LEVEL = 0;
				GCC_PREPROCESSOR_DEFINITIONS = (
					"DEBUG=1",
					"$(inherited)",
				);
				GCC_WARN_64_TO_32_BIT_CONVERSION = YES;
				GCC_WARN_ABOUT_RETURN_TYPE = YES_ERROR;
				GCC_WARN_UNDECLARED_SELECTOR = YES;
				GCC_WARN_UNINITIALIZED_AUTOS = YES_AGGRESSIVE;
				GCC_WARN_UNUSED_FUNCTION = YES;
				GCC_WARN_UNUSED_VARIABLE = YES;
				IPHONEOS_DEPLOYMENT_TARGET = 18.5;
				LOCALIZATION_PREFERS_STRING_CATALOGS = YES;
				MTL_ENABLE_DEBUG_INFO = INCLUDE_SOURCE;
				MTL_FAST_MATH = YES;
				ONLY_ACTIVE_ARCH = YES;
				SDKROOT = iphoneos;
				SWIFT_ACTIVE_COMPILATION_CONDITIONS = "DEBUG $(inherited)";
				SWIFT_OPTIMIZATION_LEVEL = "-Onone";
			};
			name = Debug;
		};
		55EA09512E30FA11002D1ED8 /* Release */ = {
			isa = XCBuildConfiguration;
			buildSettings = {
				ALWAYS_SEARCH_USER_PATHS = NO;
				ASSETCATALOG_COMPILER_GENERATE_SWIFT_ASSET_SYMBOL_EXTENSIONS = YES;
				CLANG_ANALYZER_NONNULL = YES;
				CLANG_ANALYZER_NUMBER_OBJECT_CONVERSION = YES_AGGRESSIVE;
				CLANG_CXX_LANGUAGE_STANDARD = "gnu++20";
				CLANG_ENABLE_MODULES = YES;
				CLANG_ENABLE_OBJC_ARC = YES;
				CLANG_ENABLE_OBJC_WEAK = YES;
				CLANG_WARN_BLOCK_CAPTURE_AUTORELEASING = YES;
				CLANG_WARN_BOOL_CONVERSION = YES;
				CLANG_WARN_COMMA = YES;
				CLANG_WARN_CONSTANT_CONVERSION = YES;
				CLANG_WARN_DEPRECATED_OBJC_IMPLEMENTATIONS = YES;
				CLANG_WARN_DIRECT_OBJC_ISA_USAGE = YES_ERROR;
				CLANG_WARN_DOCUMENTATION_COMMENTS = YES;
				CLANG_WARN_EMPTY_BODY = YES;
				CLANG_WARN_ENUM_CONVERSION = YES;
				CLANG_WARN_INFINITE_RECURSION = YES;
				CLANG_WARN_INT_CONVERSION = YES;
				CLANG_WARN_NON_LITERAL_NULL_CONVERSION = YES;
				CLANG_WARN_OBJC_IMPLICIT_RETAIN_SELF = YES;
				CLANG_WARN_OBJC_LITERAL_CONVERSION = YES;
				CLANG_WARN_OBJC_ROOT_CLASS = YES_ERROR;
				CLANG_WARN_QUOTED_INCLUDE_IN_FRAMEWORK_HEADER = YES;
				CLANG_WARN_RANGE_LOOP_ANALYSIS = YES;
				CLANG_WARN_STRICT_PROTOTYPES = YES;
				CLANG_WARN_SUSPICIOUS_MOVE = YES;
				CLANG_WARN_UNGUARDED_AVAILABILITY = YES_AGGRESSIVE;
				CLANG_WARN_UNREACHABLE_CODE = YES;
				CLANG_WARN__DUPLICATE_METHOD_MATCH = YES;
				COPY_PHASE_STRIP = NO;
				DEBUG_INFORMATION_FORMAT = "dwarf-with-dsym";
				DEVELOPMENT_TEAM = 4TP2UP2K7D;
				ENABLE_NS_ASSERTIONS = NO;
				ENABLE_STRICT_OBJC_MSGSEND = YES;
				ENABLE_USER_SCRIPT_SANDBOXING = YES;
				GCC_C_LANGUAGE_STANDARD = gnu17;
				GCC_NO_COMMON_BLOCKS = YES;
				GCC_WARN_64_TO_32_BIT_CONVERSION = YES;
				GCC_WARN_ABOUT_RETURN_TYPE = YES_ERROR;
				GCC_WARN_UNDECLARED_SELECTOR = YES;
				GCC_WARN_UNINITIALIZED_AUTOS = YES_AGGRESSIVE;
				GCC_WARN_UNUSED_FUNCTION = YES;
				GCC_WARN_UNUSED_VARIABLE = YES;
				IPHONEOS_DEPLOYMENT_TARGET = 18.5;
				LOCALIZATION_PREFERS_STRING_CATALOGS = YES;
				MTL_ENABLE_DEBUG_INFO = NO;
				MTL_FAST_MATH = YES;
				SDKROOT = iphoneos;
				SWIFT_COMPILATION_MODE = wholemodule;
				VALIDATE_PRODUCT = YES;
			};
			name = Release;
		};
		55EA09532E30FA11002D1ED8 /* Debug */ = {
			isa = XCBuildConfiguration;
			buildSettings = {
				ASSETCATALOG_COMPILER_APPICON_NAME = AppIcon;
				ASSETCATALOG_COMPILER_GLOBAL_ACCENT_COLOR_NAME = AccentColor;
				CODE_SIGN_STYLE = Automatic;
				CURRENT_PROJECT_VERSION = 1;
				DEVELOPMENT_TEAM = "";
				ENABLE_PREVIEWS = YES;
				GENERATE_INFOPLIST_FILE = YES;
				INFOPLIST_KEY_UIApplicationSceneManifest_Generation = YES;
				INFOPLIST_KEY_UIApplicationSupportsIndirectInputEvents = YES;
				INFOPLIST_KEY_UILaunchScreen_Generation = YES;
				INFOPLIST_KEY_UISupportedInterfaceOrientations = UIInterfaceOrientationPortrait;
				LD_RUNPATH_SEARCH_PATHS = (
					"$(inherited)",
					"@executable_path/Frameworks",
				);
				MARKETING_VERSION = 1.0;
				PRODUCT_BUNDLE_IDENTIFIER = koszti.GitSearch;
				PRODUCT_NAME = "$(TARGET_NAME)";
				SWIFT_EMIT_LOC_STRINGS = YES;
				SWIFT_VERSION = 5.0;
				TARGETED_DEVICE_FAMILY = "1,2";
			};
			name = Debug;
		};
		55EA09542E30FA11002D1ED8 /* Release */ = {
			isa = XCBuildConfiguration;
			buildSettings = {
				ASSETCATALOG_COMPILER_APPICON_NAME = AppIcon;
				ASSETCATALOG_COMPILER_GLOBAL_ACCENT_COLOR_NAME = AccentColor;
				CODE_SIGN_STYLE = Automatic;
				CURRENT_PROJECT_VERSION = 1;
				DEVELOPMENT_TEAM = "";
				ENABLE_PREVIEWS = YES;
				GENERATE_INFOPLIST_FILE = YES;
				INFOPLIST_KEY_UIApplicationSceneManifest_Generation = YES;
				INFOPLIST_KEY_UIApplicationSupportsIndirectInputEvents = YES;
				INFOPLIST_KEY_UILaunchScreen_Generation = YES;
				INFOPLIST_KEY_UISupportedInterfaceOrientations = UIInterfaceOrientationPortrait;
				LD_RUNPATH_SEARCH_PATHS = (
					"$(inherited)",
					"@executable_path/Frameworks",
				);
				MARKETING_VERSION = 1.0;
				PRODUCT_BUNDLE_IDENTIFIER = koszti.GitSearch;
				PRODUCT_NAME = "$(TARGET_NAME)";
				SWIFT_EMIT_LOC_STRINGS = YES;
				SWIFT_VERSION = 5.0;
				TARGETED_DEVICE_FAMILY = "1,2";
			};
			name = Release;
		};
		55EA09562E30FA11002D1ED8 /* Debug */ = {
			isa = XCBuildConfiguration;
			buildSettings = {
				BUNDLE_LOADER = "$(TEST_HOST)";
				CODE_SIGN_STYLE = Automatic;
				CURRENT_PROJECT_VERSION = 1;
				DEVELOPMENT_TEAM = "";
				GENERATE_INFOPLIST_FILE = YES;
				IPHONEOS_DEPLOYMENT_TARGET = 18.5;
				MARKETING_VERSION = 1.0;
				PRODUCT_BUNDLE_IDENTIFIER = koszti.GitSearchTests;
				PRODUCT_NAME = "$(TARGET_NAME)";
				SWIFT_EMIT_LOC_STRINGS = NO;
				SWIFT_VERSION = 5.0;
				TARGETED_DEVICE_FAMILY = "1,2";
				TEST_HOST = "$(BUILT_PRODUCTS_DIR)/GitSearch.app/$(BUNDLE_EXECUTABLE_FOLDER_PATH)/GitSearch";
			};
			name = Debug;
		};
		55EA09572E30FA11002D1ED8 /* Release */ = {
			isa = XCBuildConfiguration;
			buildSettings = {
				BUNDLE_LOADER = "$(TEST_HOST)";
				CODE_SIGN_STYLE = Automatic;
				CURRENT_PROJECT_VERSION = 1;
				DEVELOPMENT_TEAM = "";
				GENERATE_INFOPLIST_FILE = YES;
				IPHONEOS_DEPLOYMENT_TARGET = 18.5;
				MARKETING_VERSION = 1.0;
				PRODUCT_BUNDLE_IDENTIFIER = koszti.GitSearchTests;
				PRODUCT_NAME = "$(TARGET_NAME)";
				SWIFT_EMIT_LOC_STRINGS = NO;
				SWIFT_VERSION = 5.0;
				TARGETED_DEVICE_FAMILY = "1,2";
				TEST_HOST = "$(BUILT_PRODUCTS_DIR)/GitSearch.app/$(BUNDLE_EXECUTABLE_FOLDER_PATH)/GitSearch";
			};
			name = Release;
		};
		55EA09592E30FA11002D1ED8 /* Debug */ = {
			isa = XCBuildConfiguration;
			buildSettings = {
				CODE_SIGN_STYLE = Automatic;
				CURRENT_PROJECT_VERSION = 1;
				DEVELOPMENT_TEAM = "";
				GENERATE_INFOPLIST_FILE = YES;
				MARKETING_VERSION = 1.0;
				PRODUCT_BUNDLE_IDENTIFIER = koszti.GitSearchUITests;
				PRODUCT_NAME = "$(TARGET_NAME)";
				SWIFT_EMIT_LOC_STRINGS = NO;
				SWIFT_VERSION = 5.0;
				TARGETED_DEVICE_FAMILY = "1,2";
				TEST_TARGET_NAME = GitSearch;
			};
			name = Debug;
		};
		55EA095A2E30FA11002D1ED8 /* Release */ = {
			isa = XCBuildConfiguration;
			buildSettings = {
				CODE_SIGN_STYLE = Automatic;
				CURRENT_PROJECT_VERSION = 1;
				DEVELOPMENT_TEAM = "";
				GENERATE_INFOPLIST_FILE = YES;
				MARKETING_VERSION = 1.0;
				PRODUCT_BUNDLE_IDENTIFIER = koszti.GitSearchUITests;
				PRODUCT_NAME = "$(TARGET_NAME)";
				SWIFT_EMIT_LOC_STRINGS = NO;
				SWIFT_VERSION = 5.0;
				TARGETED_DEVICE_FAMILY = "1,2";
				TEST_TARGET_NAME = GitSearch;
			};
			name = Release;
		};
/* End XCBuildConfiguration section */

/* Begin XCConfigurationList section */
		55EA092C2E30FA10002D1ED8 /* Build configuration list for PBXProject "GitSearch" */ = {
			isa = XCConfigurationList;
			buildConfigurations = (
				55EA09502E30FA11002D1ED8 /* Debug */,
				55EA09512E30FA11002D1ED8 /* Release */,
			);
			defaultConfigurationIsVisible = 0;
			defaultConfigurationName = Release;
		};
		55EA09522E30FA11002D1ED8 /* Build configuration list for PBXNativeTarget "GitSearch" */ = {
			isa = XCConfigurationList;
			buildConfigurations = (
				55EA09532E30FA11002D1ED8 /* Debug */,
				55EA09542E30FA11002D1ED8 /* Release */,
			);
			defaultConfigurationIsVisible = 0;
			defaultConfigurationName = Release;
		};
		55EA09552E30FA11002D1ED8 /* Build configuration list for PBXNativeTarget "GitSearchTests" */ = {
			isa = XCConfigurationList;
			buildConfigurations = (
				55EA09562E30FA11002D1ED8 /* Debug */,
				55EA09572E30FA11002D1ED8 /* Release */,
			);
			defaultConfigurationIsVisible = 0;
			defaultConfigurationName = Release;
		};
		55EA09582E30FA11002D1ED8 /* Build configuration list for PBXNativeTarget "GitSearchUITests" */ = {
			isa = XCConfigurationList;
			buildConfigurations = (
				55EA09592E30FA11002D1ED8 /* Debug */,
				55EA095A2E30FA11002D1ED8 /* Release */,
			);
			defaultConfigurationIsVisible = 0;
			defaultConfigurationName = Release;
		};
/* End XCConfigurationList section */
	};
	rootObject = 55EA09292E30FA10002D1ED8 /* Project object */;
}
